
Microsoft Visual Studio Solution File, Format Version 12.00
# Visual Studio Version 16
VisualStudioVersion = 16.0.31313.79
MinimumVisualStudioVersion = 10.0.40219.1
Project("{FAE04EC0-301F-11D3-BF4B-00C04F79EFBC}") = "erisim", "erisim.csproj", "{2048E6C8-3B17-4CB4-8C4F-B2CECC0B87ED}"
EndProject
Global
	GlobalSection(SolutionConfigurationPlatforms) = preSolution
		Debug|Any CPU = Debug|Any CPU
		Release|Any CPU = Release|Any CPU
	EndGlobalSection
	GlobalSection(ProjectConfigurationPlatforms) = postSolution
		{2048E6C8-3B17-4CB4-8C4F-B2CECC0B87ED}.Debug|Any CPU.ActiveCfg = Debug|Any CPU
		{2048E6C8-3B17-4CB4-8C4F-B2CECC0B87ED}.Debug|Any CPU.Build.0 = Debug|Any CPU
		{2048E6C8-3B17-4CB4-8C4F-B2CECC0B87ED}.Release|Any CPU.ActiveCfg = Release|Any CPU
		{2048E6C8-3B17-4CB4-8C4F-B2CECC0B87ED}.Release|Any CPU.Build.0 = Release|Any CPU
	EndGlobalSection
	GlobalSection(SolutionProperties) = preSolution
		HideSolutionNode = FALSE
	EndGlobalSection
	GlobalSection(ExtensibilityGlobals) = postSolution
		SolutionGuid = {A6DADB28-BAD7-4E4F-AF58-7E7F550986B9}
	EndGlobalSection
EndGlobal
